
Microsoft Visual Studio Solution File, Format Version 12.00
# Visual Studio Version 17
VisualStudioVersion = 17.10.35122.118
MinimumVisualStudioVersion = 10.0.40219.1
Project("{FAE04EC0-301F-11D3-BF4B-00C04F79EFBC}") = "Visual", "Visual\Visual.csproj", "{E4423BD4-3966-49C0-834E-4CC8D855F79E}"
EndProject
Global
	GlobalSection(SolutionConfigurationPlatforms) = preSolution
		Debug|Any CPU = Debug|Any CPU
		Release|Any CPU = Release|Any CPU
	EndGlobalSection
	GlobalSection(ProjectConfigurationPlatforms) = postSolution
		{E4423BD4-3966-49C0-834E-4CC8D855F79E}.Debug|Any CPU.ActiveCfg = Debug|Any CPU
		{E4423BD4-3966-49C0-834E-4CC8D855F79E}.Debug|Any CPU.Build.0 = Debug|Any CPU
		{E4423BD4-3966-49C0-834E-4CC8D855F79E}.Release|Any CPU.ActiveCfg = Release|Any CPU
		{E4423BD4-3966-49C0-834E-4CC8D855F79E}.Release|Any CPU.Build.0 = Release|Any CPU
	EndGlobalSection
	GlobalSection(SolutionProperties) = preSolution
		HideSolutionNode = FALSE
	EndGlobalSection
	GlobalSection(ExtensibilityGlobals) = postSolution
		SolutionGuid = {30069995-10C7-4256-ACA4-77AE56392A2E}
	EndGlobalSection
EndGlobal
